
Microsoft Visual Studio Solution File, Format Version 12.00
# Visual Studio Version 16
VisualStudioVersion = 16.0.30711.63
MinimumVisualStudioVersion = 10.0.40219.1
Project("{FAE04EC0-301F-11D3-BF4B-00C04F79EFBC}") = "InvoiceManagementApp", "InvoiceManagementApp.csproj", "{AEB2989F-543D-47AC-87AB-792BC3F794C0}"
EndProject
Project("{FAE04EC0-301F-11D3-BF4B-00C04F79EFBC}") = "InvoiceManagementApp.Api.Model", "..\InvoiceManagementApp.Api.Model\InvoiceManagementApp.Api.Model.csproj", "{43482939-BDD7-431F-BA9E-3FD313A3BBC1}"
EndProject
Project("{FAE04EC0-301F-11D3-BF4B-00C04F79EFBC}") = "InvoiceManagementApp.Api.Services", "..\InvoiceManagementApp.Api.Services\InvoiceManagementApp.Api.Services.csproj", "{B472746B-BA40-425A-9E51-D62DABB70D2B}"
EndProject
Project("{FAE04EC0-301F-11D3-BF4B-00C04F79EFBC}") = "InvoiceManagementApp.Api.Interface.Services", "..\InvoiceManagementApp.Api.Interface.Services\InvoiceManagementApp.Api.Interface.Services.csproj", "{9D5D0372-DB34-4ACE-B993-19DA7E92144F}"
EndProject
Project("{FAE04EC0-301F-11D3-BF4B-00C04F79EFBC}") = "InvoiceManagementApp.Api.Data", "..\InvoiceManagementApp.Api.Data\InvoiceManagementApp.Api.Data.csproj", "{2D546926-99F0-408E-8DA2-AE834AB300D2}"
EndProject
Global
	GlobalSection(SolutionConfigurationPlatforms) = preSolution
		Debug|Any CPU = Debug|Any CPU
		Release|Any CPU = Release|Any CPU
	EndGlobalSection
	GlobalSection(ProjectConfigurationPlatforms) = postSolution
		{AEB2989F-543D-47AC-87AB-792BC3F794C0}.Debug|Any CPU.ActiveCfg = Debug|Any CPU
		{AEB2989F-543D-47AC-87AB-792BC3F794C0}.Debug|Any CPU.Build.0 = Debug|Any CPU
		{AEB2989F-543D-47AC-87AB-792BC3F794C0}.Release|Any CPU.ActiveCfg = Release|Any CPU
		{AEB2989F-543D-47AC-87AB-792BC3F794C0}.Release|Any CPU.Build.0 = Release|Any CPU
		{43482939-BDD7-431F-BA9E-3FD313A3BBC1}.Debug|Any CPU.ActiveCfg = Debug|Any CPU
		{43482939-BDD7-431F-BA9E-3FD313A3BBC1}.Debug|Any CPU.Build.0 = Debug|Any CPU
		{43482939-BDD7-431F-BA9E-3FD313A3BBC1}.Release|Any CPU.ActiveCfg = Release|Any CPU
		{43482939-BDD7-431F-BA9E-3FD313A3BBC1}.Release|Any CPU.Build.0 = Release|Any CPU
		{B472746B-BA40-425A-9E51-D62DABB70D2B}.Debug|Any CPU.ActiveCfg = Debug|Any CPU
		{B472746B-BA40-425A-9E51-D62DABB70D2B}.Debug|Any CPU.Build.0 = Debug|Any CPU
		{B472746B-BA40-425A-9E51-D62DABB70D2B}.Release|Any CPU.ActiveCfg = Release|Any CPU
		{B472746B-BA40-425A-9E51-D62DABB70D2B}.Release|Any CPU.Build.0 = Release|Any CPU
		{9D5D0372-DB34-4ACE-B993-19DA7E92144F}.Debug|Any CPU.ActiveCfg = Debug|Any CPU
		{9D5D0372-DB34-4ACE-B993-19DA7E92144F}.Debug|Any CPU.Build.0 = Debug|Any CPU
		{9D5D0372-DB34-4ACE-B993-19DA7E92144F}.Release|Any CPU.ActiveCfg = Release|Any CPU
		{9D5D0372-DB34-4ACE-B993-19DA7E92144F}.Release|Any CPU.Build.0 = Release|Any CPU
		{2D546926-99F0-408E-8DA2-AE834AB300D2}.Debug|Any CPU.ActiveCfg = Debug|Any CPU
		{2D546926-99F0-408E-8DA2-AE834AB300D2}.Debug|Any CPU.Build.0 = Debug|Any CPU
		{2D546926-99F0-408E-8DA2-AE834AB300D2}.Release|Any CPU.ActiveCfg = Release|Any CPU
		{2D546926-99F0-408E-8DA2-AE834AB300D2}.Release|Any CPU.Build.0 = Release|Any CPU
	EndGlobalSection
	GlobalSection(SolutionProperties) = preSolution
		HideSolutionNode = FALSE
	EndGlobalSection
	GlobalSection(ExtensibilityGlobals) = postSolution
		SolutionGuid = {73F9E492-9566-4551-918E-436B95C8DD38}
	EndGlobalSection
EndGlobal
